
Microsoft Visual Studio Solution File, Format Version 12.00
# Visual Studio Version 17
VisualStudioVersion = 17.8.34316.72
MinimumVisualStudioVersion = 10.0.40219.1
Project("{FAE04EC0-301F-11D3-BF4B-00C04F79EFBC}") = "Task1", "Task1\Task1.csproj", "{B87337A2-2B94-4A36-814C-66CC68954505}"
EndProject
Global
	GlobalSection(SolutionConfigurationPlatforms) = preSolution
		Debug|Any CPU = Debug|Any CPU
		Release|Any CPU = Release|Any CPU
	EndGlobalSection
	GlobalSection(ProjectConfigurationPlatforms) = postSolution
		{B87337A2-2B94-4A36-814C-66CC68954505}.Debug|Any CPU.ActiveCfg = Debug|Any CPU
		{B87337A2-2B94-4A36-814C-66CC68954505}.Debug|Any CPU.Build.0 = Debug|Any CPU
		{B87337A2-2B94-4A36-814C-66CC68954505}.Release|Any CPU.ActiveCfg = Release|Any CPU
		{B87337A2-2B94-4A36-814C-66CC68954505}.Release|Any CPU.Build.0 = Release|Any CPU
	EndGlobalSection
	GlobalSection(SolutionProperties) = preSolution
		HideSolutionNode = FALSE
	EndGlobalSection
	GlobalSection(ExtensibilityGlobals) = postSolution
		SolutionGuid = {BC65F5F0-8DFE-498C-A7A3-7DC8ECC6FA41}
	EndGlobalSection
EndGlobal
