
Microsoft Visual Studio Solution File, Format Version 12.00
# Visual Studio Version 17
VisualStudioVersion = 17.9.34701.34
MinimumVisualStudioVersion = 10.0.40219.1
Project("{FAE04EC0-301F-11D3-BF4B-00C04F79EFBC}") = "OnlineStore.Api", "OnlineStore\OnlineStore.Api.csproj", "{347F39B4-A691-4CC0-B212-A82B8FECC08D}"
EndProject
Project("{FAE04EC0-301F-11D3-BF4B-00C04F79EFBC}") = "OnlineStore.Contract", "OnlineStore.Contract\OnlineStore.Contract.csproj", "{87A0F001-5CEB-4F53-85DE-1B6C5724E9A6}"
EndProject
Project("{FAE04EC0-301F-11D3-BF4B-00C04F79EFBC}") = "OnlineStore.Data", "OnlineStore.Data\OnlineStore.Data.csproj", "{3F8D5943-3709-4C36-8478-F710E25ECE81}"
EndProject
Project("{FAE04EC0-301F-11D3-BF4B-00C04F79EFBC}") = "OnlineStore.Service", "OnlineStore.Service\OnlineStore.Service.csproj", "{794DD5C8-11AA-4E1F-B121-1B8471EFE456}"
EndProject
Global
	GlobalSection(SolutionConfigurationPlatforms) = preSolution
		Debug|Any CPU = Debug|Any CPU
		Release|Any CPU = Release|Any CPU
	EndGlobalSection
	GlobalSection(ProjectConfigurationPlatforms) = postSolution
		{347F39B4-A691-4CC0-B212-A82B8FECC08D}.Debug|Any CPU.ActiveCfg = Debug|Any CPU
		{347F39B4-A691-4CC0-B212-A82B8FECC08D}.Debug|Any CPU.Build.0 = Debug|Any CPU
		{347F39B4-A691-4CC0-B212-A82B8FECC08D}.Release|Any CPU.ActiveCfg = Release|Any CPU
		{347F39B4-A691-4CC0-B212-A82B8FECC08D}.Release|Any CPU.Build.0 = Release|Any CPU
		{87A0F001-5CEB-4F53-85DE-1B6C5724E9A6}.Debug|Any CPU.ActiveCfg = Debug|Any CPU
		{87A0F001-5CEB-4F53-85DE-1B6C5724E9A6}.Debug|Any CPU.Build.0 = Debug|Any CPU
		{87A0F001-5CEB-4F53-85DE-1B6C5724E9A6}.Release|Any CPU.ActiveCfg = Release|Any CPU
		{87A0F001-5CEB-4F53-85DE-1B6C5724E9A6}.Release|Any CPU.Build.0 = Release|Any CPU
		{3F8D5943-3709-4C36-8478-F710E25ECE81}.Debug|Any CPU.ActiveCfg = Debug|Any CPU
		{3F8D5943-3709-4C36-8478-F710E25ECE81}.Debug|Any CPU.Build.0 = Debug|Any CPU
		{3F8D5943-3709-4C36-8478-F710E25ECE81}.Release|Any CPU.ActiveCfg = Release|Any CPU
		{3F8D5943-3709-4C36-8478-F710E25ECE81}.Release|Any CPU.Build.0 = Release|Any CPU
		{794DD5C8-11AA-4E1F-B121-1B8471EFE456}.Debug|Any CPU.ActiveCfg = Debug|Any CPU
		{794DD5C8-11AA-4E1F-B121-1B8471EFE456}.Debug|Any CPU.Build.0 = Debug|Any CPU
		{794DD5C8-11AA-4E1F-B121-1B8471EFE456}.Release|Any CPU.ActiveCfg = Release|Any CPU
		{794DD5C8-11AA-4E1F-B121-1B8471EFE456}.Release|Any CPU.Build.0 = Release|Any CPU
	EndGlobalSection
	GlobalSection(SolutionProperties) = preSolution
		HideSolutionNode = FALSE
	EndGlobalSection
	GlobalSection(ExtensibilityGlobals) = postSolution
		SolutionGuid = {835AB0CE-C844-4D1E-B055-568868B8429F}
	EndGlobalSection
EndGlobal
