
Microsoft Visual Studio Solution File, Format Version 12.00
# Visual Studio Version 17
VisualStudioVersion = 17.9.34701.34
MinimumVisualStudioVersion = 10.0.40219.1
Project("{FAE04EC0-301F-11D3-BF4B-00C04F79EFBC}") = "Threading", "Threading\Threading.csproj", "{93B5E5A4-0AE8-4282-9020-DE2CF76DC598}"
EndProject
Global
	GlobalSection(SolutionConfigurationPlatforms) = preSolution
		Debug|Any CPU = Debug|Any CPU
		Release|Any CPU = Release|Any CPU
	EndGlobalSection
	GlobalSection(ProjectConfigurationPlatforms) = postSolution
		{93B5E5A4-0AE8-4282-9020-DE2CF76DC598}.Debug|Any CPU.ActiveCfg = Debug|Any CPU
		{93B5E5A4-0AE8-4282-9020-DE2CF76DC598}.Debug|Any CPU.Build.0 = Debug|Any CPU
		{93B5E5A4-0AE8-4282-9020-DE2CF76DC598}.Release|Any CPU.ActiveCfg = Release|Any CPU
		{93B5E5A4-0AE8-4282-9020-DE2CF76DC598}.Release|Any CPU.Build.0 = Release|Any CPU
	EndGlobalSection
	GlobalSection(SolutionProperties) = preSolution
		HideSolutionNode = FALSE
	EndGlobalSection
	GlobalSection(ExtensibilityGlobals) = postSolution
		SolutionGuid = {D589513F-9833-44D0-B56D-2E613E2154A9}
	EndGlobalSection
EndGlobal
